// !$*UTF8*$!
{
	archiveVersion = 1;
	classes = {
	};
	objectVersion = 56;
	objects = {

/* Begin PBXBuildFile section */
		C03EBCE62A78F35800F10033 /* StatusCircleView.swift in Sources */ = {isa = PBXBuildFile; fileRef = C03EBCE52A78F35800F10033 /* StatusCircleView.swift */; };
		C03EBCF72A790FF500F10033 /* ItemScrollView.swift in Sources */ = {isa = PBXBuildFile; fileRef = C03EBCF62A790FF500F10033 /* ItemScrollView.swift */; };
		C03EBCFA2A7912A100F10033 /* ItemCardView.swift in Sources */ = {isa = PBXBuildFile; fileRef = C03EBCF92A7912A100F10033 /* ItemCardView.swift */; };
		C03EBCFD2A7917CF00F10033 /* FlipEffect.swift in Sources */ = {isa = PBXBuildFile; fileRef = C03EBCFC2A7917CF00F10033 /* FlipEffect.swift */; };
		C03EBD002A79183F00F10033 /* ItemFrontView.swift in Sources */ = {isa = PBXBuildFile; fileRef = C03EBCFF2A79183F00F10033 /* ItemFrontView.swift */; };
		C03EBD022A79187000F10033 /* ItemBackView.swift in Sources */ = {isa = PBXBuildFile; fileRef = C03EBD012A79187000F10033 /* ItemBackView.swift */; };
		C03EBD0F2A7952D600F10033 /* FittingARView.swift in Sources */ = {isa = PBXBuildFile; fileRef = C03EBD0E2A7952D600F10033 /* FittingARView.swift */; };
		C03EBD112A79624A00F10033 /* Step.swift in Sources */ = {isa = PBXBuildFile; fileRef = C03EBD102A79624A00F10033 /* Step.swift */; };
		C04A65182A77A2FD003D9729 /* RswiftLibrary in Frameworks */ = {isa = PBXBuildFile; productRef = C04A65172A77A2FD003D9729 /* RswiftLibrary */; };
		C04A651F2A77A5D6003D9729 /* Rswift+Extensions.swift in Sources */ = {isa = PBXBuildFile; fileRef = C04A651E2A77A5D6003D9729 /* Rswift+Extensions.swift */; };
		C04A65282A77B2E3003D9729 /* SessionManager.swift in Sources */ = {isa = PBXBuildFile; fileRef = C04A65272A77B2E3003D9729 /* SessionManager.swift */; };
		C051E0882A77E30500DB0AF4 /* ConnectivityView.swift in Sources */ = {isa = PBXBuildFile; fileRef = C051E0872A77E30500DB0AF4 /* ConnectivityView.swift */; };
		C051E08B2A77EE0D00DB0AF4 /* ScannerViewController.swift in Sources */ = {isa = PBXBuildFile; fileRef = C051E08A2A77EE0D00DB0AF4 /* ScannerViewController.swift */; };
		C051E08E2A77F90600DB0AF4 /* NameView.swift in Sources */ = {isa = PBXBuildFile; fileRef = C051E08D2A77F90600DB0AF4 /* NameView.swift */; };
		C08755EE2A5ED2FB00965129 /* ContentView.swift in Sources */ = {isa = PBXBuildFile; fileRef = C08755ED2A5ED2FB00965129 /* ContentView.swift */; };
		C08755F22A5ED2FC00965129 /* Assets.xcassets in Resources */ = {isa = PBXBuildFile; fileRef = C08755F12A5ED2FC00965129 /* Assets.xcassets */; };
		C08755F52A5ED2FC00965129 /* Preview Assets.xcassets in Resources */ = {isa = PBXBuildFile; fileRef = C08755F42A5ED2FC00965129 /* Preview Assets.xcassets */; };
		C08755FF2A5ED86F00965129 /* astronaut.usdz in Resources */ = {isa = PBXBuildFile; fileRef = C08755FE2A5ED86F00965129 /* astronaut.usdz */; };
		C0BD007C2A5EDC8700AB4EFB /* BodyTrackedARViewContainer.swift in Sources */ = {isa = PBXBuildFile; fileRef = C0BD007B2A5EDC8700AB4EFB /* BodyTrackedARViewContainer.swift */; };
		C0BD007E2A5EDE1D00AB4EFB /* BodyTrackedARView.swift in Sources */ = {isa = PBXBuildFile; fileRef = C0BD007D2A5EDE1D00AB4EFB /* BodyTrackedARView.swift */; };
		C0BD00802A5EDF6500AB4EFB /* robot.usdz in Resources */ = {isa = PBXBuildFile; fileRef = C0BD007F2A5EDF6500AB4EFB /* robot.usdz */; };
		C0E2EB7A2A781E6C00CA730E /* StatusBarView.swift in Sources */ = {isa = PBXBuildFile; fileRef = C0E2EB792A781E6C00CA730E /* StatusBarView.swift */; };
		E9165CAC2A79499100741FF0 /* Component1View.swift in Sources */ = {isa = PBXBuildFile; fileRef = E9165CAB2A79499100741FF0 /* Component1View.swift */; };
		E97C63F72A77CA1D008E0C3A /* RepeatButton.swift in Sources */ = {isa = PBXBuildFile; fileRef = E97C63F62A77CA1D008E0C3A /* RepeatButton.swift */; };
		E97C64042A77F6A2008E0C3A /* TakePhotoIconButton.swift in Sources */ = {isa = PBXBuildFile; fileRef = E97C64032A77F6A2008E0C3A /* TakePhotoIconButton.swift */; };
		E97C64072A77F805008E0C3A /* SaveButton.swift in Sources */ = {isa = PBXBuildFile; fileRef = E97C64062A77F805008E0C3A /* SaveButton.swift */; };
		E97C640A2A77F8D1008E0C3A /* EndSessionButton.swift in Sources */ = {isa = PBXBuildFile; fileRef = E97C64092A77F8D1008E0C3A /* EndSessionButton.swift */; };
		E97C640D2A77FA15008E0C3A /* StartMenuView.swift in Sources */ = {isa = PBXBuildFile; fileRef = E97C640C2A77FA15008E0C3A /* StartMenuView.swift */; };
		E9A697B82A78F90400C006FE /* ProjectFonts in Resources */ = {isa = PBXBuildFile; fileRef = E9A697B32A78F28C00C006FE /* ProjectFonts */; };
		E9A697C12A78FCD600C006FE /* QRUtility.swift in Sources */ = {isa = PBXBuildFile; fileRef = E9A697C02A78FCD600C006FE /* QRUtility.swift */; };
		E9A697C62A79023B00C006FE /* SelectRoleView.swift in Sources */ = {isa = PBXBuildFile; fileRef = E9A697C52A79023B00C006FE /* SelectRoleView.swift */; };
		E9A697DD2A792D9300C006FE /* FittingSpecialistIntroView.swift in Sources */ = {isa = PBXBuildFile; fileRef = E9A697DC2A792D9300C006FE /* FittingSpecialistIntroView.swift */; };
		E9A697E02A792DAC00C006FE /* ChecklistNavigatorIntroView.swift in Sources */ = {isa = PBXBuildFile; fileRef = E9A697DF2A792DAC00C006FE /* ChecklistNavigatorIntroView.swift */; };
		E9B729F62A77C14F007E19ED /* StartGameButton.swift in Sources */ = {isa = PBXBuildFile; fileRef = E9B729F52A77C14F007E19ED /* StartGameButton.swift */; };
		E9B729F92A77C1F4007E19ED /* SelectRoleButton.swift in Sources */ = {isa = PBXBuildFile; fileRef = E9B729F82A77C1F4007E19ED /* SelectRoleButton.swift */; };
		E9B72A002A77C411007E19ED /* ContinueButton.swift in Sources */ = {isa = PBXBuildFile; fileRef = E9B729FF2A77C410007E19ED /* ContinueButton.swift */; };
		E9B72A032A77C587007E19ED /* TakePhotoButton.swift in Sources */ = {isa = PBXBuildFile; fileRef = E9B72A022A77C587007E19ED /* TakePhotoButton.swift */; };
		E9B72A072A77C8A9007E19ED /* BackButton.swift in Sources */ = {isa = PBXBuildFile; fileRef = E9B72A062A77C8A9007E19ED /* BackButton.swift */; };
		E9B72A0A2A77C8C9007E19ED /* ChoosePieceButton.swift in Sources */ = {isa = PBXBuildFile; fileRef = E9B72A092A77C8C9007E19ED /* ChoosePieceButton.swift */; };
		E9B72A0D2A77C8E7007E19ED /* ShowInformationButton.swift in Sources */ = {isa = PBXBuildFile; fileRef = E9B72A0C2A77C8E7007E19ED /* ShowInformationButton.swift */; };
		E9B72A102A77C91D007E19ED /* SelectEquipmentButton.swift in Sources */ = {isa = PBXBuildFile; fileRef = E9B72A0F2A77C91D007E19ED /* SelectEquipmentButton.swift */; };
		E9FC441F2A7807EE0003BEF7 /* AppState.swift in Sources */ = {isa = PBXBuildFile; fileRef = C04A65242A77AD07003D9729 /* AppState.swift */; };
		E9FC44212A7808010003BEF7 /* StaticARViewContainer.swift in Sources */ = {isa = PBXBuildFile; fileRef = C0BD00792A5EDB6100AB4EFB /* StaticARViewContainer.swift */; };
		E9FC44222A7808050003BEF7 /* AppDelegate.swift in Sources */ = {isa = PBXBuildFile; fileRef = C08755EB2A5ED2FB00965129 /* AppDelegate.swift */; };
		E9FC44232A7808090003BEF7 /* ViewProvider.swift in Sources */ = {isa = PBXBuildFile; fileRef = C04A65212A77AB91003D9729 /* ViewProvider.swift */; };
/* End PBXBuildFile section */

/* Begin PBXFileReference section */
		C03EBCE52A78F35800F10033 /* StatusCircleView.swift */ = {isa = PBXFileReference; lastKnownFileType = sourcecode.swift; path = StatusCircleView.swift; sourceTree = "<group>"; };
		C03EBCF62A790FF500F10033 /* ItemScrollView.swift */ = {isa = PBXFileReference; lastKnownFileType = sourcecode.swift; path = ItemScrollView.swift; sourceTree = "<group>"; };
		C03EBCF92A7912A100F10033 /* ItemCardView.swift */ = {isa = PBXFileReference; lastKnownFileType = sourcecode.swift; path = ItemCardView.swift; sourceTree = "<group>"; };
		C03EBCFC2A7917CF00F10033 /* FlipEffect.swift */ = {isa = PBXFileReference; lastKnownFileType = sourcecode.swift; path = FlipEffect.swift; sourceTree = "<group>"; };
		C03EBCFF2A79183F00F10033 /* ItemFrontView.swift */ = {isa = PBXFileReference; lastKnownFileType = sourcecode.swift; path = ItemFrontView.swift; sourceTree = "<group>"; };
		C03EBD012A79187000F10033 /* ItemBackView.swift */ = {isa = PBXFileReference; lastKnownFileType = sourcecode.swift; path = ItemBackView.swift; sourceTree = "<group>"; };
		C03EBD0E2A7952D600F10033 /* FittingARView.swift */ = {isa = PBXFileReference; lastKnownFileType = sourcecode.swift; path = FittingARView.swift; sourceTree = "<group>"; };
		C03EBD102A79624A00F10033 /* Step.swift */ = {isa = PBXFileReference; lastKnownFileType = sourcecode.swift; path = Step.swift; sourceTree = "<group>"; };
		C04A651E2A77A5D6003D9729 /* Rswift+Extensions.swift */ = {isa = PBXFileReference; lastKnownFileType = sourcecode.swift; path = "Rswift+Extensions.swift"; sourceTree = "<group>"; };
		C04A65212A77AB91003D9729 /* ViewProvider.swift */ = {isa = PBXFileReference; lastKnownFileType = sourcecode.swift; path = ViewProvider.swift; sourceTree = "<group>"; };
		C04A65242A77AD07003D9729 /* AppState.swift */ = {isa = PBXFileReference; lastKnownFileType = sourcecode.swift; path = AppState.swift; sourceTree = "<group>"; };
		C04A65272A77B2E3003D9729 /* SessionManager.swift */ = {isa = PBXFileReference; lastKnownFileType = sourcecode.swift; path = SessionManager.swift; sourceTree = "<group>"; };
		C051E0872A77E30500DB0AF4 /* ConnectivityView.swift */ = {isa = PBXFileReference; lastKnownFileType = sourcecode.swift; path = ConnectivityView.swift; sourceTree = "<group>"; };
		C051E08A2A77EE0D00DB0AF4 /* ScannerViewController.swift */ = {isa = PBXFileReference; lastKnownFileType = sourcecode.swift; path = ScannerViewController.swift; sourceTree = "<group>"; };
		C051E08D2A77F90600DB0AF4 /* NameView.swift */ = {isa = PBXFileReference; lastKnownFileType = sourcecode.swift; path = NameView.swift; sourceTree = "<group>"; };
		C08755E82A5ED2FB00965129 /* AugmentedSpace.app */ = {isa = PBXFileReference; explicitFileType = wrapper.application; includeInIndex = 0; path = AugmentedSpace.app; sourceTree = BUILT_PRODUCTS_DIR; };
		C08755EB2A5ED2FB00965129 /* AppDelegate.swift */ = {isa = PBXFileReference; lastKnownFileType = sourcecode.swift; path = AppDelegate.swift; sourceTree = "<group>"; };
		C08755ED2A5ED2FB00965129 /* ContentView.swift */ = {isa = PBXFileReference; lastKnownFileType = sourcecode.swift; path = ContentView.swift; sourceTree = "<group>"; };
		C08755F12A5ED2FC00965129 /* Assets.xcassets */ = {isa = PBXFileReference; lastKnownFileType = folder.assetcatalog; path = Assets.xcassets; sourceTree = "<group>"; };
		C08755F42A5ED2FC00965129 /* Preview Assets.xcassets */ = {isa = PBXFileReference; lastKnownFileType = folder.assetcatalog; path = "Preview Assets.xcassets"; sourceTree = "<group>"; };
		C08755FE2A5ED86F00965129 /* astronaut.usdz */ = {isa = PBXFileReference; lastKnownFileType = file.usdz; path = astronaut.usdz; sourceTree = "<group>"; };
		C0BD00792A5EDB6100AB4EFB /* StaticARViewContainer.swift */ = {isa = PBXFileReference; lastKnownFileType = sourcecode.swift; path = StaticARViewContainer.swift; sourceTree = "<group>"; };
		C0BD007B2A5EDC8700AB4EFB /* BodyTrackedARViewContainer.swift */ = {isa = PBXFileReference; lastKnownFileType = sourcecode.swift; path = BodyTrackedARViewContainer.swift; sourceTree = "<group>"; };
		C0BD007D2A5EDE1D00AB4EFB /* BodyTrackedARView.swift */ = {isa = PBXFileReference; lastKnownFileType = sourcecode.swift; path = BodyTrackedARView.swift; sourceTree = "<group>"; };
		C0BD007F2A5EDF6500AB4EFB /* robot.usdz */ = {isa = PBXFileReference; lastKnownFileType = file.usdz; path = robot.usdz; sourceTree = "<group>"; };
		C0E2EB792A781E6C00CA730E /* StatusBarView.swift */ = {isa = PBXFileReference; lastKnownFileType = sourcecode.swift; path = StatusBarView.swift; sourceTree = "<group>"; };
		E9165CAB2A79499100741FF0 /* Component1View.swift */ = {isa = PBXFileReference; lastKnownFileType = sourcecode.swift; path = Component1View.swift; sourceTree = "<group>"; };
		E97C63F62A77CA1D008E0C3A /* RepeatButton.swift */ = {isa = PBXFileReference; lastKnownFileType = sourcecode.swift; path = RepeatButton.swift; sourceTree = "<group>"; };
		E97C64032A77F6A2008E0C3A /* TakePhotoIconButton.swift */ = {isa = PBXFileReference; lastKnownFileType = sourcecode.swift; path = TakePhotoIconButton.swift; sourceTree = "<group>"; };
		E97C64062A77F805008E0C3A /* SaveButton.swift */ = {isa = PBXFileReference; lastKnownFileType = sourcecode.swift; path = SaveButton.swift; sourceTree = "<group>"; };
		E97C64092A77F8D1008E0C3A /* EndSessionButton.swift */ = {isa = PBXFileReference; lastKnownFileType = sourcecode.swift; path = EndSessionButton.swift; sourceTree = "<group>"; };
		E97C640C2A77FA15008E0C3A /* StartMenuView.swift */ = {isa = PBXFileReference; lastKnownFileType = sourcecode.swift; path = StartMenuView.swift; sourceTree = "<group>"; };
		E9A697B32A78F28C00C006FE /* ProjectFonts */ = {isa = PBXFileReference; lastKnownFileType = folder; path = ProjectFonts; sourceTree = "<group>"; };
		E9A697C02A78FCD600C006FE /* QRUtility.swift */ = {isa = PBXFileReference; lastKnownFileType = sourcecode.swift; path = QRUtility.swift; sourceTree = "<group>"; };
		E9A697C52A79023B00C006FE /* SelectRoleView.swift */ = {isa = PBXFileReference; lastKnownFileType = sourcecode.swift; path = SelectRoleView.swift; sourceTree = "<group>"; };
		E9A697DC2A792D9300C006FE /* FittingSpecialistIntroView.swift */ = {isa = PBXFileReference; lastKnownFileType = sourcecode.swift; path = FittingSpecialistIntroView.swift; sourceTree = "<group>"; };
		E9A697DF2A792DAC00C006FE /* ChecklistNavigatorIntroView.swift */ = {isa = PBXFileReference; lastKnownFileType = sourcecode.swift; path = ChecklistNavigatorIntroView.swift; sourceTree = "<group>"; };
		E9B729F52A77C14F007E19ED /* StartGameButton.swift */ = {isa = PBXFileReference; lastKnownFileType = sourcecode.swift; path = StartGameButton.swift; sourceTree = "<group>"; };
		E9B729F82A77C1F4007E19ED /* SelectRoleButton.swift */ = {isa = PBXFileReference; lastKnownFileType = sourcecode.swift; path = SelectRoleButton.swift; sourceTree = "<group>"; };
		E9B729FF2A77C410007E19ED /* ContinueButton.swift */ = {isa = PBXFileReference; lastKnownFileType = sourcecode.swift; path = ContinueButton.swift; sourceTree = "<group>"; };
		E9B72A022A77C587007E19ED /* TakePhotoButton.swift */ = {isa = PBXFileReference; lastKnownFileType = sourcecode.swift; path = TakePhotoButton.swift; sourceTree = "<group>"; };
		E9B72A062A77C8A9007E19ED /* BackButton.swift */ = {isa = PBXFileReference; lastKnownFileType = sourcecode.swift; path = BackButton.swift; sourceTree = "<group>"; };
		E9B72A092A77C8C9007E19ED /* ChoosePieceButton.swift */ = {isa = PBXFileReference; lastKnownFileType = sourcecode.swift; path = ChoosePieceButton.swift; sourceTree = "<group>"; };
		E9B72A0C2A77C8E7007E19ED /* ShowInformationButton.swift */ = {isa = PBXFileReference; lastKnownFileType = sourcecode.swift; path = ShowInformationButton.swift; sourceTree = "<group>"; };
		E9B72A0F2A77C91D007E19ED /* SelectEquipmentButton.swift */ = {isa = PBXFileReference; lastKnownFileType = sourcecode.swift; path = SelectEquipmentButton.swift; sourceTree = "<group>"; };
/* End PBXFileReference section */

/* Begin PBXFrameworksBuildPhase section */
		C08755E52A5ED2FB00965129 /* Frameworks */ = {
			isa = PBXFrameworksBuildPhase;
			buildActionMask = 2147483647;
			files = (
				C04A65182A77A2FD003D9729 /* RswiftLibrary in Frameworks */,
			);
			runOnlyForDeploymentPostprocessing = 0;
		};
/* End PBXFrameworksBuildPhase section */

/* Begin PBXGroup section */
		C08755DF2A5ED2FB00965129 = {
			isa = PBXGroup;
			children = (
				C08755EA2A5ED2FB00965129 /* AugmentedSpace */,
				C08755E92A5ED2FB00965129 /* Products */,
			);
			sourceTree = "<group>";
		};
		C08755E92A5ED2FB00965129 /* Products */ = {
			isa = PBXGroup;
			children = (
				C08755E82A5ED2FB00965129 /* AugmentedSpace.app */,
			);
			name = Products;
			sourceTree = "<group>";
		};
		C08755EA2A5ED2FB00965129 /* AugmentedSpace */ = {
			isa = PBXGroup;
			children = (
				E9B729FB2A77C221007E19ED /* Buttons */,
				C0BD00782A5EDB4A00AB4EFB /* Views */,
				C08755FB2A5ED83100965129 /* Models */,
				E9A697B32A78F28C00C006FE /* ProjectFonts */,
				C03EBCFC2A7917CF00F10033 /* FlipEffect.swift */,
				C08755EB2A5ED2FB00965129 /* AppDelegate.swift */,
				E9A697C02A78FCD600C006FE /* QRUtility.swift */,
				C08755ED2A5ED2FB00965129 /* ContentView.swift */,
				C04A651E2A77A5D6003D9729 /* Rswift+Extensions.swift */,
				C04A65212A77AB91003D9729 /* ViewProvider.swift */,
				C03EBD102A79624A00F10033 /* Step.swift */,
				C04A65242A77AD07003D9729 /* AppState.swift */,
				C04A65272A77B2E3003D9729 /* SessionManager.swift */,
				C08755F12A5ED2FC00965129 /* Assets.xcassets */,
				C08755F32A5ED2FC00965129 /* Preview Content */,
			);
			path = AugmentedSpace;
			sourceTree = "<group>";
		};
		C08755F32A5ED2FC00965129 /* Preview Content */ = {
			isa = PBXGroup;
			children = (
				C08755F42A5ED2FC00965129 /* Preview Assets.xcassets */,
			);
			path = "Preview Content";
			sourceTree = "<group>";
		};
		C08755FB2A5ED83100965129 /* Models */ = {
			isa = PBXGroup;
			children = (
				C0BD007F2A5EDF6500AB4EFB /* robot.usdz */,
				C08755FE2A5ED86F00965129 /* astronaut.usdz */,
			);
			path = Models;
			sourceTree = "<group>";
		};
		C0BD00782A5EDB4A00AB4EFB /* Views */ = {
			isa = PBXGroup;
			children = (
				C03EBCE52A78F35800F10033 /* StatusCircleView.swift */,
				C0BD00792A5EDB6100AB4EFB /* StaticARViewContainer.swift */,
				C0BD007B2A5EDC8700AB4EFB /* BodyTrackedARViewContainer.swift */,
				C0BD007D2A5EDE1D00AB4EFB /* BodyTrackedARView.swift */,
				C051E0872A77E30500DB0AF4 /* ConnectivityView.swift */,
				C051E08A2A77EE0D00DB0AF4 /* ScannerViewController.swift */,
				C051E08D2A77F90600DB0AF4 /* NameView.swift */,
				C0E2EB792A781E6C00CA730E /* StatusBarView.swift */,
				E97C640C2A77FA15008E0C3A /* StartMenuView.swift */,
				E9A697DC2A792D9300C006FE /* FittingSpecialistIntroView.swift */,
				E9A697DF2A792DAC00C006FE /* ChecklistNavigatorIntroView.swift */,
				E9A697C52A79023B00C006FE /* SelectRoleView.swift */,
				E9165CAB2A79499100741FF0 /* Component1View.swift */,
				C03EBCF62A790FF500F10033 /* ItemScrollView.swift */,
				C03EBCF92A7912A100F10033 /* ItemCardView.swift */,
				C03EBD012A79187000F10033 /* ItemBackView.swift */,
				C03EBCFF2A79183F00F10033 /* ItemFrontView.swift */,
				C03EBD0E2A7952D600F10033 /* FittingARView.swift */,
			);
			path = Views;
			sourceTree = "<group>";
		};
		E9B729FB2A77C221007E19ED /* Buttons */ = {
			isa = PBXGroup;
			children = (
				E9B729F82A77C1F4007E19ED /* SelectRoleButton.swift */,
				E97C64092A77F8D1008E0C3A /* EndSessionButton.swift */,
				E9B729F52A77C14F007E19ED /* StartGameButton.swift */,
				E9B729FF2A77C410007E19ED /* ContinueButton.swift */,
				E9B72A022A77C587007E19ED /* TakePhotoButton.swift */,
				E97C64032A77F6A2008E0C3A /* TakePhotoIconButton.swift */,
				E97C64062A77F805008E0C3A /* SaveButton.swift */,
				E9B72A062A77C8A9007E19ED /* BackButton.swift */,
				E9B72A092A77C8C9007E19ED /* ChoosePieceButton.swift */,
				E9B72A0C2A77C8E7007E19ED /* ShowInformationButton.swift */,
				E9B72A0F2A77C91D007E19ED /* SelectEquipmentButton.swift */,
				E97C63F62A77CA1D008E0C3A /* RepeatButton.swift */,
			);
			path = Buttons;
			sourceTree = "<group>";
		};
/* End PBXGroup section */

/* Begin PBXNativeTarget section */
		C08755E72A5ED2FB00965129 /* AugmentedSpace */ = {
			isa = PBXNativeTarget;
			buildConfigurationList = C08755F82A5ED2FC00965129 /* Build configuration list for PBXNativeTarget "AugmentedSpace" */;
			buildPhases = (
				C0BD00862A5EEE8300AB4EFB /* SwiftLint */,
				C08755E42A5ED2FB00965129 /* Sources */,
				C08755E52A5ED2FB00965129 /* Frameworks */,
				C08755E62A5ED2FB00965129 /* Resources */,
			);
			buildRules = (
			);
			dependencies = (
				C04A651C2A77A328003D9729 /* PBXTargetDependency */,
			);
			name = AugmentedSpace;
			packageProductDependencies = (
				C04A65172A77A2FD003D9729 /* RswiftLibrary */,
			);
			productName = AugmentedSpace;
			productReference = C08755E82A5ED2FB00965129 /* AugmentedSpace.app */;
			productType = "com.apple.product-type.application";
		};
/* End PBXNativeTarget section */

/* Begin PBXProject section */
		C08755E02A5ED2FB00965129 /* Project object */ = {
			isa = PBXProject;
			attributes = {
				BuildIndependentTargetsInParallel = 1;
				LastSwiftUpdateCheck = 1430;
				LastUpgradeCheck = 1430;
				TargetAttributes = {
					C08755E72A5ED2FB00965129 = {
						CreatedOnToolsVersion = 14.3.1;
					};
				};
			};
			buildConfigurationList = C08755E32A5ED2FB00965129 /* Build configuration list for PBXProject "AugmentedSpace" */;
			compatibilityVersion = "Xcode 14.0";
			developmentRegion = en;
			hasScannedForEncodings = 0;
			knownRegions = (
				en,
				Base,
			);
			mainGroup = C08755DF2A5ED2FB00965129;
			packageReferences = (
				C04A65162A77A2FD003D9729 /* XCRemoteSwiftPackageReference "R.swift" */,
			);
			productRefGroup = C08755E92A5ED2FB00965129 /* Products */;
			projectDirPath = "";
			projectRoot = "";
			targets = (
				C08755E72A5ED2FB00965129 /* AugmentedSpace */,
			);
		};
/* End PBXProject section */

/* Begin PBXResourcesBuildPhase section */
		C08755E62A5ED2FB00965129 /* Resources */ = {
			isa = PBXResourcesBuildPhase;
			buildActionMask = 2147483647;
			files = (
				E9A697B82A78F90400C006FE /* ProjectFonts in Resources */,
				C0BD00802A5EDF6500AB4EFB /* robot.usdz in Resources */,
				C08755F52A5ED2FC00965129 /* Preview Assets.xcassets in Resources */,
				C08755FF2A5ED86F00965129 /* astronaut.usdz in Resources */,
				C08755F22A5ED2FC00965129 /* Assets.xcassets in Resources */,
			);
			runOnlyForDeploymentPostprocessing = 0;
		};
/* End PBXResourcesBuildPhase section */

/* Begin PBXShellScriptBuildPhase section */
		C0BD00862A5EEE8300AB4EFB /* SwiftLint */ = {
			isa = PBXShellScriptBuildPhase;
			alwaysOutOfDate = 1;
			buildActionMask = 2147483647;
			files = (
			);
			inputFileListPaths = (
			);
			inputPaths = (
			);
			name = SwiftLint;
			outputFileListPaths = (
			);
			outputPaths = (
			);
			runOnlyForDeploymentPostprocessing = 0;
			shellPath = /bin/sh;
			shellScript = "if [[ \"$(uname -m)\" == arm64 ]]; then\n    export PATH=\"/opt/homebrew/bin:$PATH\"\nfi\n\nif which swiftlint > /dev/null; then\n  swiftlint --fix && swiftlint\nelse\n  echo \"warning: SwiftLint not installed, download from https://github.com/realm/SwiftLint\"\nfi\n";
		};
/* End PBXShellScriptBuildPhase section */

/* Begin PBXSourcesBuildPhase section */
		C08755E42A5ED2FB00965129 /* Sources */ = {
			isa = PBXSourcesBuildPhase;
			buildActionMask = 2147483647;
			files = (
				E9FC44232A7808090003BEF7 /* ViewProvider.swift in Sources */,
				C03EBD002A79183F00F10033 /* ItemFrontView.swift in Sources */,
				C03EBD022A79187000F10033 /* ItemBackView.swift in Sources */,
				E9FC44222A7808050003BEF7 /* AppDelegate.swift in Sources */,
				C03EBCFD2A7917CF00F10033 /* FlipEffect.swift in Sources */,
				E9FC44212A7808010003BEF7 /* StaticARViewContainer.swift in Sources */,
				C03EBCFA2A7912A100F10033 /* ItemCardView.swift in Sources */,
				C03EBD112A79624A00F10033 /* Step.swift in Sources */,
				E9FC441F2A7807EE0003BEF7 /* AppState.swift in Sources */,
				E9B72A002A77C411007E19ED /* ContinueButton.swift in Sources */,
				E9A697E02A792DAC00C006FE /* ChecklistNavigatorIntroView.swift in Sources */,
				C0BD007C2A5EDC8700AB4EFB /* BodyTrackedARViewContainer.swift in Sources */,
				C03EBD0F2A7952D600F10033 /* FittingARView.swift in Sources */,
				C08755EE2A5ED2FB00965129 /* ContentView.swift in Sources */,
				C0BD007E2A5EDE1D00AB4EFB /* BodyTrackedARView.swift in Sources */,
				E9A697DD2A792D9300C006FE /* FittingSpecialistIntroView.swift in Sources */,
				E9B72A0A2A77C8C9007E19ED /* ChoosePieceButton.swift in Sources */,
				C0E2EB7A2A781E6C00CA730E /* StatusBarView.swift in Sources */,
				E9165CAC2A79499100741FF0 /* Component1View.swift in Sources */,
				C03EBCF72A790FF500F10033 /* ItemScrollView.swift in Sources */,
				E97C640A2A77F8D1008E0C3A /* EndSessionButton.swift in Sources */,
				E9B729F62A77C14F007E19ED /* StartGameButton.swift in Sources */,
				E9B72A0D2A77C8E7007E19ED /* ShowInformationButton.swift in Sources */,
				C04A651F2A77A5D6003D9729 /* Rswift+Extensions.swift in Sources */,
				E97C640D2A77FA15008E0C3A /* StartMenuView.swift in Sources */,
				E97C63F72A77CA1D008E0C3A /* RepeatButton.swift in Sources */,
				E9B729F92A77C1F4007E19ED /* SelectRoleButton.swift in Sources */,
				E97C64072A77F805008E0C3A /* SaveButton.swift in Sources */,
				E97C64042A77F6A2008E0C3A /* TakePhotoIconButton.swift in Sources */,
				E9A697C12A78FCD600C006FE /* QRUtility.swift in Sources */,
				E9B72A032A77C587007E19ED /* TakePhotoButton.swift in Sources */,
				E9A697C62A79023B00C006FE /* SelectRoleView.swift in Sources */,
				E9B72A072A77C8A9007E19ED /* BackButton.swift in Sources */,
				E9B72A102A77C91D007E19ED /* SelectEquipmentButton.swift in Sources */,
				C051E08E2A77F90600DB0AF4 /* NameView.swift in Sources */,
				C04A65282A77B2E3003D9729 /* SessionManager.swift in Sources */,
				C051E08B2A77EE0D00DB0AF4 /* ScannerViewController.swift in Sources */,
				C051E0882A77E30500DB0AF4 /* ConnectivityView.swift in Sources */,
				C03EBCE62A78F35800F10033 /* StatusCircleView.swift in Sources */,
			);
			runOnlyForDeploymentPostprocessing = 0;
		};
/* End PBXSourcesBuildPhase section */

/* Begin PBXTargetDependency section */
		C04A651C2A77A328003D9729 /* PBXTargetDependency */ = {
			isa = PBXTargetDependency;
			productRef = C04A651B2A77A328003D9729 /* RswiftGenerateInternalResources */;
		};
/* End PBXTargetDependency section */

/* Begin XCBuildConfiguration section */
		C08755F62A5ED2FC00965129 /* Debug */ = {
			isa = XCBuildConfiguration;
			buildSettings = {
				ALWAYS_SEARCH_USER_PATHS = NO;
				CLANG_ANALYZER_NONNULL = YES;
				CLANG_ANALYZER_NUMBER_OBJECT_CONVERSION = YES_AGGRESSIVE;
				CLANG_CXX_LANGUAGE_STANDARD = "gnu++20";
				CLANG_ENABLE_MODULES = YES;
				CLANG_ENABLE_OBJC_ARC = YES;
				CLANG_ENABLE_OBJC_WEAK = YES;
				CLANG_WARN_BLOCK_CAPTURE_AUTORELEASING = YES;
				CLANG_WARN_BOOL_CONVERSION = YES;
				CLANG_WARN_COMMA = YES;
				CLANG_WARN_CONSTANT_CONVERSION = YES;
				CLANG_WARN_DEPRECATED_OBJC_IMPLEMENTATIONS = YES;
				CLANG_WARN_DIRECT_OBJC_ISA_USAGE = YES_ERROR;
				CLANG_WARN_DOCUMENTATION_COMMENTS = YES;
				CLANG_WARN_EMPTY_BODY = YES;
				CLANG_WARN_ENUM_CONVERSION = YES;
				CLANG_WARN_INFINITE_RECURSION = YES;
				CLANG_WARN_INT_CONVERSION = YES;
				CLANG_WARN_NON_LITERAL_NULL_CONVERSION = YES;
				CLANG_WARN_OBJC_IMPLICIT_RETAIN_SELF = YES;
				CLANG_WARN_OBJC_LITERAL_CONVERSION = YES;
				CLANG_WARN_OBJC_ROOT_CLASS = YES_ERROR;
				CLANG_WARN_QUOTED_INCLUDE_IN_FRAMEWORK_HEADER = YES;
				CLANG_WARN_RANGE_LOOP_ANALYSIS = YES;
				CLANG_WARN_STRICT_PROTOTYPES = YES;
				CLANG_WARN_SUSPICIOUS_MOVE = YES;
				CLANG_WARN_UNGUARDED_AVAILABILITY = YES_AGGRESSIVE;
				CLANG_WARN_UNREACHABLE_CODE = YES;
				CLANG_WARN__DUPLICATE_METHOD_MATCH = YES;
				COPY_PHASE_STRIP = NO;
				DEBUG_INFORMATION_FORMAT = dwarf;
				ENABLE_STRICT_OBJC_MSGSEND = YES;
				ENABLE_TESTABILITY = YES;
				GCC_C_LANGUAGE_STANDARD = gnu11;
				GCC_DYNAMIC_NO_PIC = NO;
				GCC_NO_COMMON_BLOCKS = YES;
				GCC_OPTIMIZATION_LEVEL = 0;
				GCC_PREPROCESSOR_DEFINITIONS = (
					"DEBUG=1",
					"$(inherited)",
				);
				GCC_WARN_64_TO_32_BIT_CONVERSION = YES;
				GCC_WARN_ABOUT_RETURN_TYPE = YES_ERROR;
				GCC_WARN_UNDECLARED_SELECTOR = YES;
				GCC_WARN_UNINITIALIZED_AUTOS = YES_AGGRESSIVE;
				GCC_WARN_UNUSED_FUNCTION = YES;
				GCC_WARN_UNUSED_VARIABLE = YES;
				IPHONEOS_DEPLOYMENT_TARGET = 16.4;
				MTL_ENABLE_DEBUG_INFO = INCLUDE_SOURCE;
				MTL_FAST_MATH = YES;
				ONLY_ACTIVE_ARCH = YES;
				SDKROOT = iphoneos;
				SWIFT_ACTIVE_COMPILATION_CONDITIONS = DEBUG;
				SWIFT_OPTIMIZATION_LEVEL = "-Onone";
			};
			name = Debug;
		};
		C08755F72A5ED2FC00965129 /* Release */ = {
			isa = XCBuildConfiguration;
			buildSettings = {
				ALWAYS_SEARCH_USER_PATHS = NO;
				CLANG_ANALYZER_NONNULL = YES;
				CLANG_ANALYZER_NUMBER_OBJECT_CONVERSION = YES_AGGRESSIVE;
				CLANG_CXX_LANGUAGE_STANDARD = "gnu++20";
				CLANG_ENABLE_MODULES = YES;
				CLANG_ENABLE_OBJC_ARC = YES;
				CLANG_ENABLE_OBJC_WEAK = YES;
				CLANG_WARN_BLOCK_CAPTURE_AUTORELEASING = YES;
				CLANG_WARN_BOOL_CONVERSION = YES;
				CLANG_WARN_COMMA = YES;
				CLANG_WARN_CONSTANT_CONVERSION = YES;
				CLANG_WARN_DEPRECATED_OBJC_IMPLEMENTATIONS = YES;
				CLANG_WARN_DIRECT_OBJC_ISA_USAGE = YES_ERROR;
				CLANG_WARN_DOCUMENTATION_COMMENTS = YES;
				CLANG_WARN_EMPTY_BODY = YES;
				CLANG_WARN_ENUM_CONVERSION = YES;
				CLANG_WARN_INFINITE_RECURSION = YES;
				CLANG_WARN_INT_CONVERSION = YES;
				CLANG_WARN_NON_LITERAL_NULL_CONVERSION = YES;
				CLANG_WARN_OBJC_IMPLICIT_RETAIN_SELF = YES;
				CLANG_WARN_OBJC_LITERAL_CONVERSION = YES;
				CLANG_WARN_OBJC_ROOT_CLASS = YES_ERROR;
				CLANG_WARN_QUOTED_INCLUDE_IN_FRAMEWORK_HEADER = YES;
				CLANG_WARN_RANGE_LOOP_ANALYSIS = YES;
				CLANG_WARN_STRICT_PROTOTYPES = YES;
				CLANG_WARN_SUSPICIOUS_MOVE = YES;
				CLANG_WARN_UNGUARDED_AVAILABILITY = YES_AGGRESSIVE;
				CLANG_WARN_UNREACHABLE_CODE = YES;
				CLANG_WARN__DUPLICATE_METHOD_MATCH = YES;
				COPY_PHASE_STRIP = NO;
				DEBUG_INFORMATION_FORMAT = "dwarf-with-dsym";
				ENABLE_NS_ASSERTIONS = NO;
				ENABLE_STRICT_OBJC_MSGSEND = YES;
				GCC_C_LANGUAGE_STANDARD = gnu11;
				GCC_NO_COMMON_BLOCKS = YES;
				GCC_WARN_64_TO_32_BIT_CONVERSION = YES;
				GCC_WARN_ABOUT_RETURN_TYPE = YES_ERROR;
				GCC_WARN_UNDECLARED_SELECTOR = YES;
				GCC_WARN_UNINITIALIZED_AUTOS = YES_AGGRESSIVE;
				GCC_WARN_UNUSED_FUNCTION = YES;
				GCC_WARN_UNUSED_VARIABLE = YES;
				IPHONEOS_DEPLOYMENT_TARGET = 16.4;
				MTL_ENABLE_DEBUG_INFO = NO;
				MTL_FAST_MATH = YES;
				SDKROOT = iphoneos;
				SWIFT_COMPILATION_MODE = wholemodule;
				SWIFT_OPTIMIZATION_LEVEL = "-O";
				VALIDATE_PRODUCT = YES;
			};
			name = Release;
		};
		C08755F92A5ED2FC00965129 /* Debug */ = {
			isa = XCBuildConfiguration;
			buildSettings = {
				ASSETCATALOG_COMPILER_APPICON_NAME = AppIcon;
				ASSETCATALOG_COMPILER_GLOBAL_ACCENT_COLOR_NAME = AccentColor;
				CODE_SIGN_STYLE = Automatic;
				CURRENT_PROJECT_VERSION = 1;
				DEVELOPMENT_ASSET_PATHS = "\"AugmentedSpace/Preview Content\"";
				DEVELOPMENT_TEAM = TP5UPDPNZY;
				ENABLE_PREVIEWS = YES;
				GENERATE_INFOPLIST_FILE = YES;
				INFOPLIST_FILE = AugmentedSpace/Info.plist;
				INFOPLIST_KEY_NSCameraUsageDescription = "";
				INFOPLIST_KEY_NSNearbyInteractionUsageDescription = Multiplayer;
				INFOPLIST_KEY_UIApplicationSupportsIndirectInputEvents = YES;
				INFOPLIST_KEY_UILaunchScreen_Generation = YES;
				INFOPLIST_KEY_UIRequiredDeviceCapabilities = arkit;
				INFOPLIST_KEY_UIRequiresFullScreen = YES;
				INFOPLIST_KEY_UIStatusBarHidden = YES;
				INFOPLIST_KEY_UISupportedInterfaceOrientations = UIInterfaceOrientationPortrait;
				LD_RUNPATH_SEARCH_PATHS = (
					"$(inherited)",
					"@executable_path/Frameworks",
				);
				MARKETING_VERSION = 1.0;
				PRODUCT_BUNDLE_IDENTIFIER = de.ifi.par.AugmentedSpace;
				PRODUCT_NAME = "$(TARGET_NAME)";
				SWIFT_EMIT_LOC_STRINGS = YES;
				SWIFT_VERSION = 5.0;
				TARGETED_DEVICE_FAMILY = "1,2";
			};
			name = Debug;
		};
		C08755FA2A5ED2FC00965129 /* Release */ = {
			isa = XCBuildConfiguration;
			buildSettings = {
				ASSETCATALOG_COMPILER_APPICON_NAME = AppIcon;
				ASSETCATALOG_COMPILER_GLOBAL_ACCENT_COLOR_NAME = AccentColor;
				CODE_SIGN_STYLE = Automatic;
				CURRENT_PROJECT_VERSION = 1;
				DEVELOPMENT_ASSET_PATHS = "\"AugmentedSpace/Preview Content\"";
				DEVELOPMENT_TEAM = TP5UPDPNZY;
				ENABLE_PREVIEWS = YES;
				GENERATE_INFOPLIST_FILE = YES;
				INFOPLIST_FILE = AugmentedSpace/Info.plist;
				INFOPLIST_KEY_NSCameraUsageDescription = "";
				INFOPLIST_KEY_NSNearbyInteractionUsageDescription = Multiplayer;
				INFOPLIST_KEY_UIApplicationSupportsIndirectInputEvents = YES;
				INFOPLIST_KEY_UILaunchScreen_Generation = YES;
				INFOPLIST_KEY_UIRequiredDeviceCapabilities = arkit;
				INFOPLIST_KEY_UIRequiresFullScreen = YES;
				INFOPLIST_KEY_UIStatusBarHidden = YES;
				INFOPLIST_KEY_UISupportedInterfaceOrientations = UIInterfaceOrientationPortrait;
				LD_RUNPATH_SEARCH_PATHS = (
					"$(inherited)",
					"@executable_path/Frameworks",
				);
				MARKETING_VERSION = 1.0;
				PRODUCT_BUNDLE_IDENTIFIER = de.ifi.par.AugmentedSpace;
				PRODUCT_NAME = "$(TARGET_NAME)";
				SWIFT_EMIT_LOC_STRINGS = YES;
				SWIFT_VERSION = 5.0;
				TARGETED_DEVICE_FAMILY = "1,2";
			};
			name = Release;
		};
/* End XCBuildConfiguration section */

/* Begin XCConfigurationList section */
		C08755E32A5ED2FB00965129 /* Build configuration list for PBXProject "AugmentedSpace" */ = {
			isa = XCConfigurationList;
			buildConfigurations = (
				C08755F62A5ED2FC00965129 /* Debug */,
				C08755F72A5ED2FC00965129 /* Release */,
			);
			defaultConfigurationIsVisible = 0;
			defaultConfigurationName = Release;
		};
		C08755F82A5ED2FC00965129 /* Build configuration list for PBXNativeTarget "AugmentedSpace" */ = {
			isa = XCConfigurationList;
			buildConfigurations = (
				C08755F92A5ED2FC00965129 /* Debug */,
				C08755FA2A5ED2FC00965129 /* Release */,
			);
			defaultConfigurationIsVisible = 0;
			defaultConfigurationName = Release;
		};
/* End XCConfigurationList section */

/* Begin XCRemoteSwiftPackageReference section */
		C04A65162A77A2FD003D9729 /* XCRemoteSwiftPackageReference "R.swift" */ = {
			isa = XCRemoteSwiftPackageReference;
			repositoryURL = "git@github.com:mac-cain13/R.swift.git";
			requirement = {
				kind = upToNextMajorVersion;
				minimumVersion = 7.0.0;
			};
		};
/* End XCRemoteSwiftPackageReference section */

/* Begin XCSwiftPackageProductDependency section */
		C04A65172A77A2FD003D9729 /* RswiftLibrary */ = {
			isa = XCSwiftPackageProductDependency;
			package = C04A65162A77A2FD003D9729 /* XCRemoteSwiftPackageReference "R.swift" */;
			productName = RswiftLibrary;
		};
		C04A651B2A77A328003D9729 /* RswiftGenerateInternalResources */ = {
			isa = XCSwiftPackageProductDependency;
			productName = "plugin:RswiftGenerateInternalResources";
		};
/* End XCSwiftPackageProductDependency section */
	};
	rootObject = C08755E02A5ED2FB00965129 /* Project object */;
}
